
Microsoft Visual Studio Solution File, Format Version 12.00
# Visual Studio 2013
VisualStudioVersion = 12.0.30723.0
MinimumVisualStudioVersion = 10.0.40219.1
Project("{FAE04EC0-301F-11D3-BF4B-00C04F79EFBC}") = "ActiveModel", "ActiveModel\ActiveModel.csproj", "{43439B97-0E17-4772-A84B-8ED19D7B426F}"
EndProject
Project("{FAE04EC0-301F-11D3-BF4B-00C04F79EFBC}") = "ActiveModel.Tests", "ActiveModel.Tests\ActiveModel.Tests.csproj", "{C0EA885C-6FB5-44F3-8BFE-0DB845F09742}"
EndProject
Project("{2150E333-8FDC-42A3-9474-1A3956D46DE8}") = ".nuget", ".nuget", "{6E108D46-C20E-4550-9286-4EC43DDDBF50}"
	ProjectSection(SolutionItems) = preProject
		.nuget\NuGet.Config = .nuget\NuGet.Config
		.nuget\NuGet.exe = .nuget\NuGet.exe
		.nuget\NuGet.targets = .nuget\NuGet.targets
	EndProjectSection
EndProject
Global
	GlobalSection(SolutionConfigurationPlatforms) = preSolution
		Debug|Any CPU = Debug|Any CPU
		Release|Any CPU = Release|Any CPU
	EndGlobalSection
	GlobalSection(ProjectConfigurationPlatforms) = postSolution
		{43439B97-0E17-4772-A84B-8ED19D7B426F}.Debug|Any CPU.ActiveCfg = Debug|Any CPU
		{43439B97-0E17-4772-A84B-8ED19D7B426F}.Debug|Any CPU.Build.0 = Debug|Any CPU
		{43439B97-0E17-4772-A84B-8ED19D7B426F}.Release|Any CPU.ActiveCfg = Release|Any CPU
		{43439B97-0E17-4772-A84B-8ED19D7B426F}.Release|Any CPU.Build.0 = Release|Any CPU
		{C0EA885C-6FB5-44F3-8BFE-0DB845F09742}.Debug|Any CPU.ActiveCfg = Debug|Any CPU
		{C0EA885C-6FB5-44F3-8BFE-0DB845F09742}.Debug|Any CPU.Build.0 = Debug|Any CPU
		{C0EA885C-6FB5-44F3-8BFE-0DB845F09742}.Release|Any CPU.ActiveCfg = Release|Any CPU
		{C0EA885C-6FB5-44F3-8BFE-0DB845F09742}.Release|Any CPU.Build.0 = Release|Any CPU
	EndGlobalSection
	GlobalSection(SolutionProperties) = preSolution
		HideSolutionNode = FALSE
	EndGlobalSection
EndGlobal
